
Microsoft Visual Studio Solution File, Format Version 12.00
# Visual Studio 15
VisualStudioVersion = 15.0.28307.421
MinimumVisualStudioVersion = 10.0.40219.1
Project("{FAE04EC0-301F-11D3-BF4B-00C04F79EFBC}") = "WebCoreApp", "WebCoreApp\WebCoreApp.csproj", "{D4F776A4-60E0-4E4F-98D3-D2B786DFF4D8}"
EndProject
Project("{FAE04EC0-301F-11D3-BF4B-00C04F79EFBC}") = "WebCoreApp.Data", "WebCoreApp.Data\WebCoreApp.Data.csproj", "{13313860-AB6A-4CE4-8363-14FC0C19E576}"
EndProject
Project("{FAE04EC0-301F-11D3-BF4B-00C04F79EFBC}") = "WebCoreApp.Data.EF", "WebCoreApp.Data.EF\WebCoreApp.Data.EF.csproj", "{A09FBB37-5680-4B52-ADF5-4177C5B9596A}"
EndProject
Project("{FAE04EC0-301F-11D3-BF4B-00C04F79EFBC}") = "WebCoreApp.Infrastructure", "WebCoreApp.Infrastructure\WebCoreApp.Infrastructure.csproj", "{3AADAA3F-6B89-4340-92AA-4FC4A4DE5E33}"
EndProject
Project("{FAE04EC0-301F-11D3-BF4B-00C04F79EFBC}") = "WebCoreApp.Utilities", "WebCoreApp.Utilities\WebCoreApp.Utilities.csproj", "{05CAEA62-79F6-476A-AC2C-1161CDDEE6C5}"
EndProject
Project("{FAE04EC0-301F-11D3-BF4B-00C04F79EFBC}") = "WebCoreApp.Applicaion", "WebCoreApp.Applicaion\WebCoreApp.Applicaion.csproj", "{F839F045-F01C-4028-BE43-2862EE95D380}"
EndProject
Project("{2150E333-8FDC-42A3-9474-1A3956D46DE8}") = "1 - Presentation", "1 - Presentation", "{90490D0A-7FCC-4FB8-834D-869CAACB9F65}"
EndProject
Project("{2150E333-8FDC-42A3-9474-1A3956D46DE8}") = "2 - Application", "2 - Application", "{4125F724-0B13-4871-BA32-A965877163F3}"
EndProject
Project("{2150E333-8FDC-42A3-9474-1A3956D46DE8}") = "3 - Domain", "3 - Domain", "{839029A8-618F-457A-8BAE-7C8E9910CE14}"
EndProject
Project("{2150E333-8FDC-42A3-9474-1A3956D46DE8}") = "4 - Infrastructure", "4 - Infrastructure", "{A357D79E-436F-4A88-87B7-97F25B29E3E8}"
EndProject
Global
	GlobalSection(SolutionConfigurationPlatforms) = preSolution
		Debug|Any CPU = Debug|Any CPU
		Release|Any CPU = Release|Any CPU
	EndGlobalSection
	GlobalSection(ProjectConfigurationPlatforms) = postSolution
		{D4F776A4-60E0-4E4F-98D3-D2B786DFF4D8}.Debug|Any CPU.ActiveCfg = Debug|Any CPU
		{D4F776A4-60E0-4E4F-98D3-D2B786DFF4D8}.Debug|Any CPU.Build.0 = Debug|Any CPU
		{D4F776A4-60E0-4E4F-98D3-D2B786DFF4D8}.Release|Any CPU.ActiveCfg = Release|Any CPU
		{D4F776A4-60E0-4E4F-98D3-D2B786DFF4D8}.Release|Any CPU.Build.0 = Release|Any CPU
		{13313860-AB6A-4CE4-8363-14FC0C19E576}.Debug|Any CPU.ActiveCfg = Debug|Any CPU
		{13313860-AB6A-4CE4-8363-14FC0C19E576}.Debug|Any CPU.Build.0 = Debug|Any CPU
		{13313860-AB6A-4CE4-8363-14FC0C19E576}.Release|Any CPU.ActiveCfg = Release|Any CPU
		{13313860-AB6A-4CE4-8363-14FC0C19E576}.Release|Any CPU.Build.0 = Release|Any CPU
		{A09FBB37-5680-4B52-ADF5-4177C5B9596A}.Debug|Any CPU.ActiveCfg = Debug|Any CPU
		{A09FBB37-5680-4B52-ADF5-4177C5B9596A}.Debug|Any CPU.Build.0 = Debug|Any CPU
		{A09FBB37-5680-4B52-ADF5-4177C5B9596A}.Release|Any CPU.ActiveCfg = Release|Any CPU
		{A09FBB37-5680-4B52-ADF5-4177C5B9596A}.Release|Any CPU.Build.0 = Release|Any CPU
		{3AADAA3F-6B89-4340-92AA-4FC4A4DE5E33}.Debug|Any CPU.ActiveCfg = Debug|Any CPU
		{3AADAA3F-6B89-4340-92AA-4FC4A4DE5E33}.Debug|Any CPU.Build.0 = Debug|Any CPU
		{3AADAA3F-6B89-4340-92AA-4FC4A4DE5E33}.Release|Any CPU.ActiveCfg = Release|Any CPU
		{3AADAA3F-6B89-4340-92AA-4FC4A4DE5E33}.Release|Any CPU.Build.0 = Release|Any CPU
		{05CAEA62-79F6-476A-AC2C-1161CDDEE6C5}.Debug|Any CPU.ActiveCfg = Debug|Any CPU
		{05CAEA62-79F6-476A-AC2C-1161CDDEE6C5}.Debug|Any CPU.Build.0 = Debug|Any CPU
		{05CAEA62-79F6-476A-AC2C-1161CDDEE6C5}.Release|Any CPU.ActiveCfg = Release|Any CPU
		{05CAEA62-79F6-476A-AC2C-1161CDDEE6C5}.Release|Any CPU.Build.0 = Release|Any CPU
		{F839F045-F01C-4028-BE43-2862EE95D380}.Debug|Any CPU.ActiveCfg = Debug|Any CPU
		{F839F045-F01C-4028-BE43-2862EE95D380}.Debug|Any CPU.Build.0 = Debug|Any CPU
		{F839F045-F01C-4028-BE43-2862EE95D380}.Release|Any CPU.ActiveCfg = Release|Any CPU
		{F839F045-F01C-4028-BE43-2862EE95D380}.Release|Any CPU.Build.0 = Release|Any CPU
	EndGlobalSection
	GlobalSection(SolutionProperties) = preSolution
		HideSolutionNode = FALSE
	EndGlobalSection
	GlobalSection(NestedProjects) = preSolution
		{D4F776A4-60E0-4E4F-98D3-D2B786DFF4D8} = {90490D0A-7FCC-4FB8-834D-869CAACB9F65}
		{13313860-AB6A-4CE4-8363-14FC0C19E576} = {839029A8-618F-457A-8BAE-7C8E9910CE14}
		{A09FBB37-5680-4B52-ADF5-4177C5B9596A} = {839029A8-618F-457A-8BAE-7C8E9910CE14}
		{3AADAA3F-6B89-4340-92AA-4FC4A4DE5E33} = {A357D79E-436F-4A88-87B7-97F25B29E3E8}
		{05CAEA62-79F6-476A-AC2C-1161CDDEE6C5} = {A357D79E-436F-4A88-87B7-97F25B29E3E8}
		{F839F045-F01C-4028-BE43-2862EE95D380} = {4125F724-0B13-4871-BA32-A965877163F3}
	EndGlobalSection
	GlobalSection(ExtensibilityGlobals) = postSolution
		SolutionGuid = {833A070F-688D-499F-8409-DBA56F261059}
	EndGlobalSection
EndGlobal
